
Microsoft Visual Studio Solution File, Format Version 12.00
# Visual Studio Version 17
VisualStudioVersion = 17.1.32421.90
MinimumVisualStudioVersion = 10.0.40219.1
Project("{FAE04EC0-301F-11D3-BF4B-00C04F79EFBC}") = "TheGame.Core", "TheGame.Core\TheGame.Core.csproj", "{5B01A5D7-EF08-4EFD-923F-D6450A4CC317}"
EndProject
Project("{FAE04EC0-301F-11D3-BF4B-00C04F79EFBC}") = "TheGame.Core.Tests", "Tests\TheGame.Core.Tests\TheGame.Core.Tests.csproj", "{ECCDD5C3-83EE-4082-80D8-4568F6AF9C6A}"
EndProject
Global
	GlobalSection(SolutionConfigurationPlatforms) = preSolution
		Debug|Any CPU = Debug|Any CPU
		Release|Any CPU = Release|Any CPU
	EndGlobalSection
	GlobalSection(ProjectConfigurationPlatforms) = postSolution
		{5B01A5D7-EF08-4EFD-923F-D6450A4CC317}.Debug|Any CPU.ActiveCfg = Debug|Any CPU
		{5B01A5D7-EF08-4EFD-923F-D6450A4CC317}.Debug|Any CPU.Build.0 = Debug|Any CPU
		{5B01A5D7-EF08-4EFD-923F-D6450A4CC317}.Release|Any CPU.ActiveCfg = Release|Any CPU
		{5B01A5D7-EF08-4EFD-923F-D6450A4CC317}.Release|Any CPU.Build.0 = Release|Any CPU
		{ECCDD5C3-83EE-4082-80D8-4568F6AF9C6A}.Debug|Any CPU.ActiveCfg = Debug|Any CPU
		{ECCDD5C3-83EE-4082-80D8-4568F6AF9C6A}.Debug|Any CPU.Build.0 = Debug|Any CPU
		{ECCDD5C3-83EE-4082-80D8-4568F6AF9C6A}.Release|Any CPU.ActiveCfg = Release|Any CPU
		{ECCDD5C3-83EE-4082-80D8-4568F6AF9C6A}.Release|Any CPU.Build.0 = Release|Any CPU
	EndGlobalSection
	GlobalSection(SolutionProperties) = preSolution
		HideSolutionNode = FALSE
	EndGlobalSection
	GlobalSection(ExtensibilityGlobals) = postSolution
		SolutionGuid = {BD388611-D93F-4C30-8172-E72FE66349AF}
	EndGlobalSection
EndGlobal
